id: warlock
abilities:
  - id: vampiric_touch
    position: [0, 0]
  - id: hex
    position: [0, 1]
  - id: command
    position: [0, 2]
  - id: illusory_locus
    position: [0, 3]
  - id: psychic_knife
    position: [0, 4]
  - id: terror
    position: [0, 5]
  - id: charm
    position: [0, 6]
  - id: steal_attribute
    position: [0, 7]
  - id: phantasm
    position: [1, 5]
  - id: mind_shock
    position: [1, 1]
  - id: block_pain
    position: [1, 2]